name: Update uv lock files

on:
  workflow_dispatch:
  schedule:
  - cron: "0 4 * * 0"  # At 4 AM UTC on every Sunday

# See:
# https://github.com/peter-evans/create-pull-request?tab=readme-ov-file#token
permissions:
  contents: write
  pull-requests: write

jobs:
  upgrade:
    name: Upgrade uv lock files
    runs-on: ubuntu-latest
    steps:
    - uses: actions/checkout@v4
    - name: Get uv version from the Makefile
      id: uv-version
      run: |
        version=$(grep "MLRUN_UV_VERSION ?=" Makefile | cut -d' ' -f3)
        echo version=$version >> "$GITHUB_OUTPUT"
    - uses: astral-sh/setup-uv@v4
      with:
        version: ${{ steps.uv-version.outputs.version }}
    - name: Upgrade dependencies in the lock file with uv
      run: make update-api-deps
    - uses: peter-evans/create-pull-request@v7
      with:
        title: "[Requirements-automated] Upgrade lock files"
        body: |
          Update the uv generated lock files.
          Generated by the run:
          ${{ github.server_url }}/${{ github.repository }}/actions/runs/${{ github.run_id }}
        commit-message: Upgrade uv lock files
        branch: automated/uv-lock-upgrade
        delete-branch: true


